Microsoft Visual Studio Solution File, Format Version 12.00
# Visual Studio Version 17
VisualStudioVersion = 17.0.31903.59
MinimumVisualStudioVersion = 10.0.40219.1
Project("{FAE04EC0-301F-11D3-BF4B-00C04F79EFBC}") = "Icod.ProcPs.Shared", "Icod.ProcPs.Shared\Icod.ProcPs.Shared.csproj", "{FCD86C18-35F6-4E9A-A22C-9471700335EB}"
EndProject
Project("{FAE04EC0-301F-11D3-BF4B-00C04F79EFBC}") = "Icod.ProcPs.Pgrep", "pgrep\Icod.ProcPs.Pgrep.csproj", "{C93D1480-17A8-4794-B1A4-F10C907D4600}"
EndProject
Project("{FAE04EC0-301F-11D3-BF4B-00C04F79EFBC}") = "Icod.ProcPs.Pkill", "pkill\Icod.ProcPs.Pkill.csproj", "{A98D023E-9E60-4360-8CFE-43386DCF6550}"
EndProject
Project("{FAE04EC0-301F-11D3-BF4B-00C04F79EFBC}") = "Icod.ProcPs.PidWait", "pidwait\Icod.ProcPs.PidWait.csproj", "{D9D02B26-91E9-4D18-874C-73987DDCF5AB}"
EndProject
Project("{FAE04EC0-301F-11D3-BF4B-00C04F79EFBC}") = "Icod.ProcPs.PidOf", "pidof\Icod.ProcPs.PidOf.csproj", "{0ECA38E8-C9FD-41B2-8197-F792F0425DCE}"
EndProject
Project("{FAE04EC0-301F-11D3-BF4B-00C04F79EFBC}") = "Icod.ProcPs.Pwdx", "pwdx\Icod.ProcPs.Pwdx.csproj", "{11620782-C444-4B1F-84E2-05F5ABA0C492}"
EndProject
Project("{FAE04EC0-301F-11D3-BF4B-00C04F79EFBC}") = "Icod.ProcPs.Pmap", "pmap\Icod.ProcPs.Pmap.csproj", "{C0666388-F870-4F8B-AEA5-3CA168DD1C16}"
EndProject
Project("{FAE04EC0-301F-11D3-BF4B-00C04F79EFBC}") = "Icod.ProcPs.Ps", "ps\Icod.ProcPs.Ps.csproj", "{225F8F9D-9131-438B-B0C0-384D1BE41E79}"
EndProject
Project("{FAE04EC0-301F-11D3-BF4B-00C04F79EFBC}") = "Icod.ProcPs.Uptime", "uptime\Icod.ProcPs.Uptime.csproj", "{BA51066E-4728-561E-AF49-E882B1170334}"
EndProject
Project("{FAE04EC0-301F-11D3-BF4B-00C04F79EFBC}") = "Icod.ProcPs.Free", "free\Icod.ProcPs.Free.csproj", "{B1A1CF19-DA55-5464-A8BE-871073338BBF}"
EndProject
Project("{FAE04EC0-301F-11D3-BF4B-00C04F79EFBC}") = "Icod.ProcPs.Vmstat", "vmstat\Icod.ProcPs.Vmstat.csproj", "{8D274795-CFEA-5461-A694-3810DA59762D}"
EndProject
Project("{FAE04EC0-301F-11D3-BF4B-00C04F79EFBC}") = "Icod.ProcPs.W", "w\Icod.ProcPs.W.csproj", "{C2297002-534F-509B-A679-09B5C299200B}"
EndProject
Project("{FAE04EC0-301F-11D3-BF4B-00C04F79EFBC}") = "Icod.ProcPs.Sysctl", "sysctl\Icod.ProcPs.Sysctl.csproj", "{BC5F085C-0739-5A60-AF5E-203772F38FF8}"
EndProject
Project("{FAE04EC0-301F-11D3-BF4B-00C04F79EFBC}") = "Icod.ProcPs.Router", "procps\Icod.ProcPs.Router.csproj", "{AA7A35FE-111C-498E-8E87-7801E1AB09FD}"
EndProject
Project("{FAE04EC0-301F-11D3-BF4B-00C04F79EFBC}") = "Icod.ProcPs.Watch", "watch\Icod.ProcPs.Watch.csproj", "{4A0F17EB-E6BE-487E-8D74-B140DE563BAF}"
EndProject
Project("{FAE04EC0-301F-11D3-BF4B-00C04F79EFBC}") = "Icod.ProcPs.SlabTop", "slabtop\Icod.ProcPs.SlabTop.csproj", "{A52B0B6A-4E0F-4C8C-9C77-58C33DB2C1D4}"
EndProject
Project("{FAE04EC0-301F-11D3-BF4B-00C04F79EFBC}") = "Icod.ProcPs.Shared.Tests", "tests\ProcPs.Shared.Tests\Icod.ProcPs.Shared.Tests.csproj", "{87390BF1-93C3-58EE-9128-D698E2273A14}"
EndProject
Project("{FAE04EC0-301F-11D3-BF4B-00C04F79EFBC}") = "Icod.ProcPs.Pgrep.Tests", "tests\ProcPs.Pgrep.Tests\Icod.ProcPs.Pgrep.Tests.csproj", "{CC72FCAB-4FE5-569E-B0FA-3B2AD6843807}"
EndProject
Project("{FAE04EC0-301F-11D3-BF4B-00C04F79EFBC}") = "Icod.ProcPs.Pkill.Tests", "tests\ProcPs.Pkill.Tests\Icod.ProcPs.Pkill.Tests.csproj", "{F5EC7389-71BA-5AA6-8BB1-42A64D6770EF}"
EndProject
Project("{FAE04EC0-301F-11D3-BF4B-00C04F79EFBC}") = "Icod.ProcPs.PidWait.Tests", "tests\ProcPs.PidWait.Tests\Icod.ProcPs.PidWait.Tests.csproj", "{D7E18194-4D21-5A32-98BA-67172E58DED8}"
EndProject
Project("{FAE04EC0-301F-11D3-BF4B-00C04F79EFBC}") = "Icod.ProcPs.PidOf.Tests", "tests\ProcPs.PidOf.Tests\Icod.ProcPs.PidOf.Tests.csproj", "{7953656F-AD9B-55B8-9C67-DDF2DDE47D24}"
EndProject
Project("{FAE04EC0-301F-11D3-BF4B-00C04F79EFBC}") = "Icod.ProcPs.Pwdx.Tests", "tests\ProcPs.Pwdx.Tests\Icod.ProcPs.Pwdx.Tests.csproj", "{BADD5B90-2E27-5C45-924D-C3F48E810227}"
EndProject
Project("{FAE04EC0-301F-11D3-BF4B-00C04F79EFBC}") = "Icod.ProcPs.Pmap.Tests", "tests\ProcPs.Pmap.Tests\Icod.ProcPs.Pmap.Tests.csproj", "{9E8FB15B-BBA6-51E4-8EFB-8F1853E8159C}"
EndProject
Project("{FAE04EC0-301F-11D3-BF4B-00C04F79EFBC}") = "Icod.ProcPs.Ps.Tests", "tests\ProcPs.Ps.Tests\Icod.ProcPs.Ps.Tests.csproj", "{7351B0AC-56A6-5889-97BE-503ACF74001F}"
EndProject
Project("{FAE04EC0-301F-11D3-BF4B-00C04F79EFBC}") = "Icod.ProcPs.Uptime.Tests", "tests\ProcPs.Uptime.Tests\Icod.ProcPs.Uptime.Tests.csproj", "{06B40FD2-0514-5306-843D-E4D47ADCD292}"
EndProject
Project("{FAE04EC0-301F-11D3-BF4B-00C04F79EFBC}") = "Icod.ProcPs.Free.Tests", "tests\ProcPs.Free.Tests\Icod.ProcPs.Free.Tests.csproj", "{C7E42434-5E0C-54D8-8D78-2917F2BFCF4B}"
EndProject
Project("{FAE04EC0-301F-11D3-BF4B-00C04F79EFBC}") = "Icod.ProcPs.Vmstat.Tests", "tests\ProcPs.Vmstat.Tests\Icod.ProcPs.Vmstat.Tests.csproj", "{BF256EC8-5E67-52B4-9C1C-1D7014F51843}"
EndProject
Project("{FAE04EC0-301F-11D3-BF4B-00C04F79EFBC}") = "Icod.ProcPs.W.Tests", "tests\ProcPs.W.Tests\Icod.ProcPs.W.Tests.csproj", "{D8FBC672-E10D-51BB-90BF-C027BFE5E57A}"
EndProject
Project("{FAE04EC0-301F-11D3-BF4B-00C04F79EFBC}") = "Icod.ProcPs.Sysctl.Tests", "tests\ProcPs.Sysctl.Tests\Icod.ProcPs.Sysctl.Tests.csproj", "{D8F5A305-3745-59FA-A6C8-CF2A96051DBB}"
EndProject
Project("{FAE04EC0-301F-11D3-BF4B-00C04F79EFBC}") = "Icod.ProcPs.Watch.Tests", "tests\ProcPs.Watch.Tests\Icod.ProcPs.Watch.Tests.csproj", "{18884980-D17F-4801-9F4F-C9DA2FA297FF}"
EndProject
Project("{FAE04EC0-301F-11D3-BF4B-00C04F79EFBC}") = "Icod.ProcPs.SlabTop.Tests", "tests\ProcPs.SlabTop.Tests\Icod.ProcPs.SlabTop.Tests.csproj", "{E489FCB5-CC22-4B52-9CC0-C3B0C1A8AF95}"
EndProject
Project("{2150E333-8FDC-42A3-9474-1A3956D46DE8}") = "tests", "tests", "{32F4BC07-0F19-5A57-A9B0-F3E72E27CB6C}"
EndProject
Global
	GlobalSection(SolutionConfigurationPlatforms) = preSolution
		Debug|Any CPU = Debug|Any CPU
		Release|Any CPU = Release|Any CPU
		Staging|Any CPU = Staging|Any CPU
	EndGlobalSection
	GlobalSection(ProjectConfigurationPlatforms) = postSolution
		{FCD86C18-35F6-4E9A-A22C-9471700335EB}.Debug|Any CPU.ActiveCfg = Debug|Any CPU
		{FCD86C18-35F6-4E9A-A22C-9471700335EB}.Debug|Any CPU.Build.0 = Debug|Any CPU
		{FCD86C18-35F6-4E9A-A22C-9471700335EB}.Release|Any CPU.ActiveCfg = Release|Any CPU
		{FCD86C18-35F6-4E9A-A22C-9471700335EB}.Release|Any CPU.Build.0 = Release|Any CPU
		{FCD86C18-35F6-4E9A-A22C-9471700335EB}.Staging|Any CPU.ActiveCfg = Staging|Any CPU
		{FCD86C18-35F6-4E9A-A22C-9471700335EB}.Staging|Any CPU.Build.0 = Staging|Any CPU
		{C93D1480-17A8-4794-B1A4-F10C907D4600}.Debug|Any CPU.ActiveCfg = Debug|Any CPU
		{C93D1480-17A8-4794-B1A4-F10C907D4600}.Debug|Any CPU.Build.0 = Debug|Any CPU
		{C93D1480-17A8-4794-B1A4-F10C907D4600}.Release|Any CPU.ActiveCfg = Release|Any CPU
		{C93D1480-17A8-4794-B1A4-F10C907D4600}.Release|Any CPU.Build.0 = Release|Any CPU
		{C93D1480-17A8-4794-B1A4-F10C907D4600}.Staging|Any CPU.ActiveCfg = Staging|Any CPU
		{C93D1480-17A8-4794-B1A4-F10C907D4600}.Staging|Any CPU.Build.0 = Staging|Any CPU
		{A98D023E-9E60-4360-8CFE-43386DCF6550}.Debug|Any CPU.ActiveCfg = Debug|Any CPU
		{A98D023E-9E60-4360-8CFE-43386DCF6550}.Debug|Any CPU.Build.0 = Debug|Any CPU
		{A98D023E-9E60-4360-8CFE-43386DCF6550}.Release|Any CPU.ActiveCfg = Release|Any CPU
		{A98D023E-9E60-4360-8CFE-43386DCF6550}.Release|Any CPU.Build.0 = Release|Any CPU
		{A98D023E-9E60-4360-8CFE-43386DCF6550}.Staging|Any CPU.ActiveCfg = Staging|Any CPU
		{A98D023E-9E60-4360-8CFE-43386DCF6550}.Staging|Any CPU.Build.0 = Staging|Any CPU
		{D9D02B26-91E9-4D18-874C-73987DDCF5AB}.Debug|Any CPU.ActiveCfg = Debug|Any CPU
		{D9D02B26-91E9-4D18-874C-73987DDCF5AB}.Debug|Any CPU.Build.0 = Debug|Any CPU
		{D9D02B26-91E9-4D18-874C-73987DDCF5AB}.Release|Any CPU.ActiveCfg = Release|Any CPU
		{D9D02B26-91E9-4D18-874C-73987DDCF5AB}.Release|Any CPU.Build.0 = Release|Any CPU
		{D9D02B26-91E9-4D18-874C-73987DDCF5AB}.Staging|Any CPU.ActiveCfg = Staging|Any CPU
		{D9D02B26-91E9-4D18-874C-73987DDCF5AB}.Staging|Any CPU.Build.0 = Staging|Any CPU
		{0ECA38E8-C9FD-41B2-8197-F792F0425DCE}.Debug|Any CPU.ActiveCfg = Debug|Any CPU
		{0ECA38E8-C9FD-41B2-8197-F792F0425DCE}.Debug|Any CPU.Build.0 = Debug|Any CPU
		{0ECA38E8-C9FD-41B2-8197-F792F0425DCE}.Release|Any CPU.ActiveCfg = Release|Any CPU
		{0ECA38E8-C9FD-41B2-8197-F792F0425DCE}.Release|Any CPU.Build.0 = Release|Any CPU
		{0ECA38E8-C9FD-41B2-8197-F792F0425DCE}.Staging|Any CPU.ActiveCfg = Staging|Any CPU
		{0ECA38E8-C9FD-41B2-8197-F792F0425DCE}.Staging|Any CPU.Build.0 = Staging|Any CPU
		{11620782-C444-4B1F-84E2-05F5ABA0C492}.Debug|Any CPU.ActiveCfg = Debug|Any CPU
		{11620782-C444-4B1F-84E2-05F5ABA0C492}.Debug|Any CPU.Build.0 = Debug|Any CPU
		{11620782-C444-4B1F-84E2-05F5ABA0C492}.Release|Any CPU.ActiveCfg = Release|Any CPU
		{11620782-C444-4B1F-84E2-05F5ABA0C492}.Release|Any CPU.Build.0 = Release|Any CPU
		{11620782-C444-4B1F-84E2-05F5ABA0C492}.Staging|Any CPU.ActiveCfg = Staging|Any CPU
		{11620782-C444-4B1F-84E2-05F5ABA0C492}.Staging|Any CPU.Build.0 = Staging|Any CPU
		{C0666388-F870-4F8B-AEA5-3CA168DD1C16}.Debug|Any CPU.ActiveCfg = Debug|Any CPU
		{C0666388-F870-4F8B-AEA5-3CA168DD1C16}.Debug|Any CPU.Build.0 = Debug|Any CPU
		{C0666388-F870-4F8B-AEA5-3CA168DD1C16}.Release|Any CPU.ActiveCfg = Release|Any CPU
		{C0666388-F870-4F8B-AEA5-3CA168DD1C16}.Release|Any CPU.Build.0 = Release|Any CPU
		{C0666388-F870-4F8B-AEA5-3CA168DD1C16}.Staging|Any CPU.ActiveCfg = Staging|Any CPU
		{C0666388-F870-4F8B-AEA5-3CA168DD1C16}.Staging|Any CPU.Build.0 = Staging|Any CPU
		{225F8F9D-9131-438B-B0C0-384D1BE41E79}.Debug|Any CPU.ActiveCfg = Debug|Any CPU
		{225F8F9D-9131-438B-B0C0-384D1BE41E79}.Debug|Any CPU.Build.0 = Debug|Any CPU
		{225F8F9D-9131-438B-B0C0-384D1BE41E79}.Release|Any CPU.ActiveCfg = Release|Any CPU
		{225F8F9D-9131-438B-B0C0-384D1BE41E79}.Release|Any CPU.Build.0 = Release|Any CPU
		{225F8F9D-9131-438B-B0C0-384D1BE41E79}.Staging|Any CPU.ActiveCfg = Staging|Any CPU
		{225F8F9D-9131-438B-B0C0-384D1BE41E79}.Staging|Any CPU.Build.0 = Staging|Any CPU
		{BA51066E-4728-561E-AF49-E882B1170334}.Debug|Any CPU.ActiveCfg = Debug|Any CPU
		{BA51066E-4728-561E-AF49-E882B1170334}.Debug|Any CPU.Build.0 = Debug|Any CPU
		{BA51066E-4728-561E-AF49-E882B1170334}.Release|Any CPU.ActiveCfg = Release|Any CPU
		{BA51066E-4728-561E-AF49-E882B1170334}.Release|Any CPU.Build.0 = Release|Any CPU
		{BA51066E-4728-561E-AF49-E882B1170334}.Staging|Any CPU.ActiveCfg = Staging|Any CPU
		{BA51066E-4728-561E-AF49-E882B1170334}.Staging|Any CPU.Build.0 = Staging|Any CPU
		{B1A1CF19-DA55-5464-A8BE-871073338BBF}.Debug|Any CPU.ActiveCfg = Debug|Any CPU
		{B1A1CF19-DA55-5464-A8BE-871073338BBF}.Debug|Any CPU.Build.0 = Debug|Any CPU
		{B1A1CF19-DA55-5464-A8BE-871073338BBF}.Release|Any CPU.ActiveCfg = Release|Any CPU
		{B1A1CF19-DA55-5464-A8BE-871073338BBF}.Release|Any CPU.Build.0 = Release|Any CPU
		{B1A1CF19-DA55-5464-A8BE-871073338BBF}.Staging|Any CPU.ActiveCfg = Staging|Any CPU
		{B1A1CF19-DA55-5464-A8BE-871073338BBF}.Staging|Any CPU.Build.0 = Staging|Any CPU
		{8D274795-CFEA-5461-A694-3810DA59762D}.Debug|Any CPU.ActiveCfg = Debug|Any CPU
		{8D274795-CFEA-5461-A694-3810DA59762D}.Debug|Any CPU.Build.0 = Debug|Any CPU
		{8D274795-CFEA-5461-A694-3810DA59762D}.Release|Any CPU.ActiveCfg = Release|Any CPU
		{8D274795-CFEA-5461-A694-3810DA59762D}.Release|Any CPU.Build.0 = Release|Any CPU
		{8D274795-CFEA-5461-A694-3810DA59762D}.Staging|Any CPU.ActiveCfg = Staging|Any CPU
		{8D274795-CFEA-5461-A694-3810DA59762D}.Staging|Any CPU.Build.0 = Staging|Any CPU
		{C2297002-534F-509B-A679-09B5C299200B}.Debug|Any CPU.ActiveCfg = Debug|Any CPU
		{C2297002-534F-509B-A679-09B5C299200B}.Debug|Any CPU.Build.0 = Debug|Any CPU
		{C2297002-534F-509B-A679-09B5C299200B}.Release|Any CPU.ActiveCfg = Release|Any CPU
		{C2297002-534F-509B-A679-09B5C299200B}.Release|Any CPU.Build.0 = Release|Any CPU
		{C2297002-534F-509B-A679-09B5C299200B}.Staging|Any CPU.ActiveCfg = Staging|Any CPU
		{C2297002-534F-509B-A679-09B5C299200B}.Staging|Any CPU.Build.0 = Staging|Any CPU
		{BC5F085C-0739-5A60-AF5E-203772F38FF8}.Debug|Any CPU.ActiveCfg = Debug|Any CPU
		{BC5F085C-0739-5A60-AF5E-203772F38FF8}.Debug|Any CPU.Build.0 = Debug|Any CPU
		{BC5F085C-0739-5A60-AF5E-203772F38FF8}.Release|Any CPU.ActiveCfg = Release|Any CPU
		{BC5F085C-0739-5A60-AF5E-203772F38FF8}.Release|Any CPU.Build.0 = Release|Any CPU
		{BC5F085C-0739-5A60-AF5E-203772F38FF8}.Staging|Any CPU.ActiveCfg = Staging|Any CPU
		{BC5F085C-0739-5A60-AF5E-203772F38FF8}.Staging|Any CPU.Build.0 = Staging|Any CPU
		{AA7A35FE-111C-498E-8E87-7801E1AB09FD}.Debug|Any CPU.ActiveCfg = Debug|Any CPU
		{AA7A35FE-111C-498E-8E87-7801E1AB09FD}.Debug|Any CPU.Build.0 = Debug|Any CPU
		{AA7A35FE-111C-498E-8E87-7801E1AB09FD}.Release|Any CPU.ActiveCfg = Release|Any CPU
		{AA7A35FE-111C-498E-8E87-7801E1AB09FD}.Release|Any CPU.Build.0 = Release|Any CPU
		{AA7A35FE-111C-498E-8E87-7801E1AB09FD}.Staging|Any CPU.ActiveCfg = Staging|Any CPU
		{AA7A35FE-111C-498E-8E87-7801E1AB09FD}.Staging|Any CPU.Build.0 = Staging|Any CPU
		{87390BF1-93C3-58EE-9128-D698E2273A14}.Debug|Any CPU.ActiveCfg = Debug|Any CPU
		{87390BF1-93C3-58EE-9128-D698E2273A14}.Debug|Any CPU.Build.0 = Debug|Any CPU
		{87390BF1-93C3-58EE-9128-D698E2273A14}.Release|Any CPU.ActiveCfg = Release|Any CPU
		{87390BF1-93C3-58EE-9128-D698E2273A14}.Release|Any CPU.Build.0 = Release|Any CPU
		{87390BF1-93C3-58EE-9128-D698E2273A14}.Staging|Any CPU.ActiveCfg = Staging|Any CPU
		{87390BF1-93C3-58EE-9128-D698E2273A14}.Staging|Any CPU.Build.0 = Staging|Any CPU
		{CC72FCAB-4FE5-569E-B0FA-3B2AD6843807}.Debug|Any CPU.ActiveCfg = Debug|Any CPU
		{CC72FCAB-4FE5-569E-B0FA-3B2AD6843807}.Debug|Any CPU.Build.0 = Debug|Any CPU
		{CC72FCAB-4FE5-569E-B0FA-3B2AD6843807}.Release|Any CPU.ActiveCfg = Release|Any CPU
		{CC72FCAB-4FE5-569E-B0FA-3B2AD6843807}.Release|Any CPU.Build.0 = Release|Any CPU
		{CC72FCAB-4FE5-569E-B0FA-3B2AD6843807}.Staging|Any CPU.ActiveCfg = Staging|Any CPU
		{CC72FCAB-4FE5-569E-B0FA-3B2AD6843807}.Staging|Any CPU.Build.0 = Staging|Any CPU
		{F5EC7389-71BA-5AA6-8BB1-42A64D6770EF}.Debug|Any CPU.ActiveCfg = Debug|Any CPU
		{F5EC7389-71BA-5AA6-8BB1-42A64D6770EF}.Debug|Any CPU.Build.0 = Debug|Any CPU
		{F5EC7389-71BA-5AA6-8BB1-42A64D6770EF}.Release|Any CPU.ActiveCfg = Release|Any CPU
		{F5EC7389-71BA-5AA6-8BB1-42A64D6770EF}.Release|Any CPU.Build.0 = Release|Any CPU
		{F5EC7389-71BA-5AA6-8BB1-42A64D6770EF}.Staging|Any CPU.ActiveCfg = Staging|Any CPU
		{F5EC7389-71BA-5AA6-8BB1-42A64D6770EF}.Staging|Any CPU.Build.0 = Staging|Any CPU
		{D7E18194-4D21-5A32-98BA-67172E58DED8}.Debug|Any CPU.ActiveCfg = Debug|Any CPU
		{D7E18194-4D21-5A32-98BA-67172E58DED8}.Debug|Any CPU.Build.0 = Debug|Any CPU
		{D7E18194-4D21-5A32-98BA-67172E58DED8}.Release|Any CPU.ActiveCfg = Release|Any CPU
		{D7E18194-4D21-5A32-98BA-67172E58DED8}.Release|Any CPU.Build.0 = Release|Any CPU
		{D7E18194-4D21-5A32-98BA-67172E58DED8}.Staging|Any CPU.ActiveCfg = Staging|Any CPU
		{D7E18194-4D21-5A32-98BA-67172E58DED8}.Staging|Any CPU.Build.0 = Staging|Any CPU
		{7953656F-AD9B-55B8-9C67-DDF2DDE47D24}.Debug|Any CPU.ActiveCfg = Debug|Any CPU
		{7953656F-AD9B-55B8-9C67-DDF2DDE47D24}.Debug|Any CPU.Build.0 = Debug|Any CPU
		{7953656F-AD9B-55B8-9C67-DDF2DDE47D24}.Release|Any CPU.ActiveCfg = Release|Any CPU
		{7953656F-AD9B-55B8-9C67-DDF2DDE47D24}.Release|Any CPU.Build.0 = Release|Any CPU
		{7953656F-AD9B-55B8-9C67-DDF2DDE47D24}.Staging|Any CPU.ActiveCfg = Staging|Any CPU
		{7953656F-AD9B-55B8-9C67-DDF2DDE47D24}.Staging|Any CPU.Build.0 = Staging|Any CPU
		{BADD5B90-2E27-5C45-924D-C3F48E810227}.Debug|Any CPU.ActiveCfg = Debug|Any CPU
		{BADD5B90-2E27-5C45-924D-C3F48E810227}.Debug|Any CPU.Build.0 = Debug|Any CPU
		{BADD5B90-2E27-5C45-924D-C3F48E810227}.Release|Any CPU.ActiveCfg = Release|Any CPU
		{BADD5B90-2E27-5C45-924D-C3F48E810227}.Release|Any CPU.Build.0 = Release|Any CPU
		{BADD5B90-2E27-5C45-924D-C3F48E810227}.Staging|Any CPU.ActiveCfg = Staging|Any CPU
		{BADD5B90-2E27-5C45-924D-C3F48E810227}.Staging|Any CPU.Build.0 = Staging|Any CPU
		{9E8FB15B-BBA6-51E4-8EFB-8F1853E8159C}.Debug|Any CPU.ActiveCfg = Debug|Any CPU
		{9E8FB15B-BBA6-51E4-8EFB-8F1853E8159C}.Debug|Any CPU.Build.0 = Debug|Any CPU
		{9E8FB15B-BBA6-51E4-8EFB-8F1853E8159C}.Release|Any CPU.ActiveCfg = Release|Any CPU
		{9E8FB15B-BBA6-51E4-8EFB-8F1853E8159C}.Release|Any CPU.Build.0 = Release|Any CPU
		{9E8FB15B-BBA6-51E4-8EFB-8F1853E8159C}.Staging|Any CPU.ActiveCfg = Staging|Any CPU
		{9E8FB15B-BBA6-51E4-8EFB-8F1853E8159C}.Staging|Any CPU.Build.0 = Staging|Any CPU
		{7351B0AC-56A6-5889-97BE-503ACF74001F}.Debug|Any CPU.ActiveCfg = Debug|Any CPU
		{7351B0AC-56A6-5889-97BE-503ACF74001F}.Debug|Any CPU.Build.0 = Debug|Any CPU
		{7351B0AC-56A6-5889-97BE-503ACF74001F}.Release|Any CPU.ActiveCfg = Release|Any CPU
		{7351B0AC-56A6-5889-97BE-503ACF74001F}.Release|Any CPU.Build.0 = Release|Any CPU
		{7351B0AC-56A6-5889-97BE-503ACF74001F}.Staging|Any CPU.ActiveCfg = Staging|Any CPU
		{7351B0AC-56A6-5889-97BE-503ACF74001F}.Staging|Any CPU.Build.0 = Staging|Any CPU
		{06B40FD2-0514-5306-843D-E4D47ADCD292}.Debug|Any CPU.ActiveCfg = Debug|Any CPU
		{06B40FD2-0514-5306-843D-E4D47ADCD292}.Debug|Any CPU.Build.0 = Debug|Any CPU
		{06B40FD2-0514-5306-843D-E4D47ADCD292}.Release|Any CPU.ActiveCfg = Release|Any CPU
		{06B40FD2-0514-5306-843D-E4D47ADCD292}.Release|Any CPU.Build.0 = Release|Any CPU
		{06B40FD2-0514-5306-843D-E4D47ADCD292}.Staging|Any CPU.ActiveCfg = Staging|Any CPU
		{06B40FD2-0514-5306-843D-E4D47ADCD292}.Staging|Any CPU.Build.0 = Staging|Any CPU
		{C7E42434-5E0C-54D8-8D78-2917F2BFCF4B}.Debug|Any CPU.ActiveCfg = Debug|Any CPU
		{C7E42434-5E0C-54D8-8D78-2917F2BFCF4B}.Debug|Any CPU.Build.0 = Debug|Any CPU
		{C7E42434-5E0C-54D8-8D78-2917F2BFCF4B}.Release|Any CPU.ActiveCfg = Release|Any CPU
		{C7E42434-5E0C-54D8-8D78-2917F2BFCF4B}.Release|Any CPU.Build.0 = Release|Any CPU
		{C7E42434-5E0C-54D8-8D78-2917F2BFCF4B}.Staging|Any CPU.ActiveCfg = Staging|Any CPU
		{C7E42434-5E0C-54D8-8D78-2917F2BFCF4B}.Staging|Any CPU.Build.0 = Staging|Any CPU
		{BF256EC8-5E67-52B4-9C1C-1D7014F51843}.Debug|Any CPU.ActiveCfg = Debug|Any CPU
		{BF256EC8-5E67-52B4-9C1C-1D7014F51843}.Debug|Any CPU.Build.0 = Debug|Any CPU
		{BF256EC8-5E67-52B4-9C1C-1D7014F51843}.Release|Any CPU.ActiveCfg = Release|Any CPU
		{BF256EC8-5E67-52B4-9C1C-1D7014F51843}.Release|Any CPU.Build.0 = Release|Any CPU
		{BF256EC8-5E67-52B4-9C1C-1D7014F51843}.Staging|Any CPU.ActiveCfg = Staging|Any CPU
		{BF256EC8-5E67-52B4-9C1C-1D7014F51843}.Staging|Any CPU.Build.0 = Staging|Any CPU
		{D8FBC672-E10D-51BB-90BF-C027BFE5E57A}.Debug|Any CPU.ActiveCfg = Debug|Any CPU
		{D8FBC672-E10D-51BB-90BF-C027BFE5E57A}.Debug|Any CPU.Build.0 = Debug|Any CPU
		{D8FBC672-E10D-51BB-90BF-C027BFE5E57A}.Release|Any CPU.ActiveCfg = Release|Any CPU
		{D8FBC672-E10D-51BB-90BF-C027BFE5E57A}.Release|Any CPU.Build.0 = Release|Any CPU
		{D8FBC672-E10D-51BB-90BF-C027BFE5E57A}.Staging|Any CPU.ActiveCfg = Staging|Any CPU
		{D8FBC672-E10D-51BB-90BF-C027BFE5E57A}.Staging|Any CPU.Build.0 = Staging|Any CPU
		{D8F5A305-3745-59FA-A6C8-CF2A96051DBB}.Debug|Any CPU.ActiveCfg = Debug|Any CPU
		{D8F5A305-3745-59FA-A6C8-CF2A96051DBB}.Debug|Any CPU.Build.0 = Debug|Any CPU
		{D8F5A305-3745-59FA-A6C8-CF2A96051DBB}.Release|Any CPU.ActiveCfg = Release|Any CPU
		{D8F5A305-3745-59FA-A6C8-CF2A96051DBB}.Release|Any CPU.Build.0 = Release|Any CPU
		{D8F5A305-3745-59FA-A6C8-CF2A96051DBB}.Staging|Any CPU.ActiveCfg = Staging|Any CPU
		{D8F5A305-3745-59FA-A6C8-CF2A96051DBB}.Staging|Any CPU.Build.0 = Staging|Any CPU
		{4A0F17EB-E6BE-487E-8D74-B140DE563BAF}.Debug|Any CPU.ActiveCfg = Debug|Any CPU
		{4A0F17EB-E6BE-487E-8D74-B140DE563BAF}.Debug|Any CPU.Build.0 = Debug|Any CPU
		{4A0F17EB-E6BE-487E-8D74-B140DE563BAF}.Release|Any CPU.ActiveCfg = Release|Any CPU
		{4A0F17EB-E6BE-487E-8D74-B140DE563BAF}.Release|Any CPU.Build.0 = Release|Any CPU
		{4A0F17EB-E6BE-487E-8D74-B140DE563BAF}.Staging|Any CPU.ActiveCfg = Staging|Any CPU
		{4A0F17EB-E6BE-487E-8D74-B140DE563BAF}.Staging|Any CPU.Build.0 = Staging|Any CPU
		{A52B0B6A-4E0F-4C8C-9C77-58C33DB2C1D4}.Debug|Any CPU.ActiveCfg = Debug|Any CPU
		{A52B0B6A-4E0F-4C8C-9C77-58C33DB2C1D4}.Debug|Any CPU.Build.0 = Debug|Any CPU
		{A52B0B6A-4E0F-4C8C-9C77-58C33DB2C1D4}.Release|Any CPU.ActiveCfg = Release|Any CPU
		{A52B0B6A-4E0F-4C8C-9C77-58C33DB2C1D4}.Release|Any CPU.Build.0 = Release|Any CPU
		{A52B0B6A-4E0F-4C8C-9C77-58C33DB2C1D4}.Staging|Any CPU.ActiveCfg = Staging|Any CPU
		{A52B0B6A-4E0F-4C8C-9C77-58C33DB2C1D4}.Staging|Any CPU.Build.0 = Staging|Any CPU
		{18884980-D17F-4801-9F4F-C9DA2FA297FF}.Debug|Any CPU.ActiveCfg = Debug|Any CPU
		{18884980-D17F-4801-9F4F-C9DA2FA297FF}.Debug|Any CPU.Build.0 = Debug|Any CPU
		{18884980-D17F-4801-9F4F-C9DA2FA297FF}.Release|Any CPU.ActiveCfg = Release|Any CPU
		{18884980-D17F-4801-9F4F-C9DA2FA297FF}.Release|Any CPU.Build.0 = Release|Any CPU
		{18884980-D17F-4801-9F4F-C9DA2FA297FF}.Staging|Any CPU.ActiveCfg = Staging|Any CPU
		{18884980-D17F-4801-9F4F-C9DA2FA297FF}.Staging|Any CPU.Build.0 = Staging|Any CPU
		{E489FCB5-CC22-4B52-9CC0-C3B0C1A8AF95}.Debug|Any CPU.ActiveCfg = Debug|Any CPU
		{E489FCB5-CC22-4B52-9CC0-C3B0C1A8AF95}.Debug|Any CPU.Build.0 = Debug|Any CPU
		{E489FCB5-CC22-4B52-9CC0-C3B0C1A8AF95}.Release|Any CPU.ActiveCfg = Release|Any CPU
		{E489FCB5-CC22-4B52-9CC0-C3B0C1A8AF95}.Release|Any CPU.Build.0 = Release|Any CPU
		{E489FCB5-CC22-4B52-9CC0-C3B0C1A8AF95}.Staging|Any CPU.ActiveCfg = Staging|Any CPU
		{E489FCB5-CC22-4B52-9CC0-C3B0C1A8AF95}.Staging|Any CPU.Build.0 = Staging|Any CPU
	EndGlobalSection
	GlobalSection(SolutionProperties) = preSolution
		HideSolutionNode = FALSE
	EndGlobalSection
	GlobalSection(NestedProjects) = preSolution
		{87390BF1-93C3-58EE-9128-D698E2273A14} = {32F4BC07-0F19-5A57-A9B0-F3E72E27CB6C}
		{CC72FCAB-4FE5-569E-B0FA-3B2AD6843807} = {32F4BC07-0F19-5A57-A9B0-F3E72E27CB6C}
		{F5EC7389-71BA-5AA6-8BB1-42A64D6770EF} = {32F4BC07-0F19-5A57-A9B0-F3E72E27CB6C}
		{D7E18194-4D21-5A32-98BA-67172E58DED8} = {32F4BC07-0F19-5A57-A9B0-F3E72E27CB6C}
		{7953656F-AD9B-55B8-9C67-DDF2DDE47D24} = {32F4BC07-0F19-5A57-A9B0-F3E72E27CB6C}
		{BADD5B90-2E27-5C45-924D-C3F48E810227} = {32F4BC07-0F19-5A57-A9B0-F3E72E27CB6C}
		{9E8FB15B-BBA6-51E4-8EFB-8F1853E8159C} = {32F4BC07-0F19-5A57-A9B0-F3E72E27CB6C}
		{7351B0AC-56A6-5889-97BE-503ACF74001F} = {32F4BC07-0F19-5A57-A9B0-F3E72E27CB6C}
		{06B40FD2-0514-5306-843D-E4D47ADCD292} = {32F4BC07-0F19-5A57-A9B0-F3E72E27CB6C}
		{C7E42434-5E0C-54D8-8D78-2917F2BFCF4B} = {32F4BC07-0F19-5A57-A9B0-F3E72E27CB6C}
		{BF256EC8-5E67-52B4-9C1C-1D7014F51843} = {32F4BC07-0F19-5A57-A9B0-F3E72E27CB6C}
		{D8FBC672-E10D-51BB-90BF-C027BFE5E57A} = {32F4BC07-0F19-5A57-A9B0-F3E72E27CB6C}
		{D8F5A305-3745-59FA-A6C8-CF2A96051DBB} = {32F4BC07-0F19-5A57-A9B0-F3E72E27CB6C}
		{18884980-D17F-4801-9F4F-C9DA2FA297FF} = {32F4BC07-0F19-5A57-A9B0-F3E72E27CB6C}
		{E489FCB5-CC22-4B52-9CC0-C3B0C1A8AF95} = {32F4BC07-0F19-5A57-A9B0-F3E72E27CB6C}
	EndGlobalSection
EndGlobal
